
Microsoft Visual Studio Solution File, Format Version 12.00
# Visual Studio 15
VisualStudioVersion = 15.0.27428.2027
MinimumVisualStudioVersion = 10.0.40219.1
Project("{FAE04EC0-301F-11D3-BF4B-00C04F79EFBC}") = "Anfo Digital Menu Board", "Anfo Digital Menu Board\Anfo Digital Menu Board.csproj", "{B996B3A9-CC64-4883-AE59-EA7B67F8AEF5}"
EndProject
Global
	GlobalSection(SolutionConfigurationPlatforms) = preSolution
		Debug|Any CPU = Debug|Any CPU
		Release|Any CPU = Release|Any CPU
	EndGlobalSection
	GlobalSection(ProjectConfigurationPlatforms) = postSolution
		{B996B3A9-CC64-4883-AE59-EA7B67F8AEF5}.Debug|Any CPU.ActiveCfg = Debug|Any CPU
		{B996B3A9-CC64-4883-AE59-EA7B67F8AEF5}.Debug|Any CPU.Build.0 = Debug|Any CPU
		{B996B3A9-CC64-4883-AE59-EA7B67F8AEF5}.Release|Any CPU.ActiveCfg = Release|Any CPU
		{B996B3A9-CC64-4883-AE59-EA7B67F8AEF5}.Release|Any CPU.Build.0 = Release|Any CPU
	EndGlobalSection
	GlobalSection(SolutionProperties) = preSolution
		HideSolutionNode = FALSE
	EndGlobalSection
	GlobalSection(ExtensibilityGlobals) = postSolution
		SolutionGuid = {6965778E-4F49-4F4B-8C0A-2E3C4C79F4A2}
	EndGlobalSection
EndGlobal
